// !$*UTF8*$!
{
	archiveVersion = 1;
	classes = {
	};
	objectVersion = 48;
	objects = {

/* Begin PBXBuildFile section */
		4DBD4F331F9994DE003A280B /* AppDelegate.swift in Sources */ = {isa = PBXBuildFile; fileRef = 4DBD4F321F9994DE003A280B /* AppDelegate.swift */; };
		4DBD4F351F9994DE003A280B /* ViewController.swift in Sources */ = {isa = PBXBuildFile; fileRef = 4DBD4F341F9994DE003A280B /* ViewController.swift */; };
		4DBD4F381F9994DE003A280B /* Main.storyboard in Resources */ = {isa = PBXBuildFile; fileRef = 4DBD4F361F9994DE003A280B /* Main.storyboard */; };
		4DBD4F3A1F9994DE003A280B /* Assets.xcassets in Resources */ = {isa = PBXBuildFile; fileRef = 4DBD4F391F9994DE003A280B /* Assets.xcassets */; };
		4DBD4F3D1F9994DE003A280B /* LaunchScreen.storyboard in Resources */ = {isa = PBXBuildFile; fileRef = 4DBD4F3B1F9994DE003A280B /* LaunchScreen.storyboard */; };
		4DBD4F481F9994DE003A280B /* Lab2Tests.swift in Sources */ = {isa = PBXBuildFile; fileRef = 4DBD4F471F9994DE003A280B /* Lab2Tests.swift */; };
		4DBD4F531F9994DE003A280B /* Lab2UITests.swift in Sources */ = {isa = PBXBuildFile; fileRef = 4DBD4F521F9994DE003A280B /* Lab2UITests.swift */; };
/* End PBXBuildFile section */

/* Begin PBXContainerItemProxy section */
		4DBD4F441F9994DE003A280B /* PBXContainerItemProxy */ = {
			isa = PBXContainerItemProxy;
			containerPortal = 4DBD4F271F9994DE003A280B /* Project object */;
			proxyType = 1;
			remoteGlobalIDString = 4DBD4F2E1F9994DE003A280B;
			remoteInfo = Lab2;
		};
		4DBD4F4F1F9994DE003A280B /* PBXContainerItemProxy */ = {
			isa = PBXContainerItemProxy;
			containerPortal = 4DBD4F271F9994DE003A280B /* Project object */;
			proxyType = 1;
			remoteGlobalIDString = 4DBD4F2E1F9994DE003A280B;
			remoteInfo = Lab2;
		};
/* End PBXContainerItemProxy section */

/* Begin PBXFileReference section */
		4DBD4F2F1F9994DE003A280B /* Lab2.app */ = {isa = PBXFileReference; explicitFileType = wrapper.application; includeInIndex = 0; path = Lab2.app; sourceTree = BUILT_PRODUCTS_DIR; };
		4DBD4F321F9994DE003A280B /* AppDelegate.swift */ = {isa = PBXFileReference; lastKnownFileType = sourcecode.swift; path = AppDelegate.swift; sourceTree = "<group>"; };
		4DBD4F341F9994DE003A280B /* ViewController.swift */ = {isa = PBXFileReference; lastKnownFileType = sourcecode.swift; path = ViewController.swift; sourceTree = "<group>"; };
		4DBD4F371F9994DE003A280B /* Base */ = {isa = PBXFileReference; lastKnownFileType = file.storyboard; name = Base; path = Base.lproj/Main.storyboard; sourceTree = "<group>"; };
		4DBD4F391F9994DE003A280B /* Assets.xcassets */ = {isa = PBXFileReference; lastKnownFileType = folder.assetcatalog; path = Assets.xcassets; sourceTree = "<group>"; };
		4DBD4F3C1F9994DE003A280B /* Base */ = {isa = PBXFileReference; lastKnownFileType = file.storyboard; name = Base; path = Base.lproj/LaunchScreen.storyboard; sourceTree = "<group>"; };
		4DBD4F3E1F9994DE003A280B /* Info.plist */ = {isa = PBXFileReference; lastKnownFileType = text.plist.xml; path = Info.plist; sourceTree = "<group>"; };
		4DBD4F431F9994DE003A280B /* Lab2Tests.xctest */ = {isa = PBXFileReference; explicitFileType = wrapper.cfbundle; includeInIndex = 0; path = Lab2Tests.xctest; sourceTree = BUILT_PRODUCTS_DIR; };
		4DBD4F471F9994DE003A280B /* Lab2Tests.swift */ = {isa = PBXFileReference; lastKnownFileType = sourcecode.swift; path = Lab2Tests.swift; sourceTree = "<group>"; };
		4DBD4F491F9994DE003A280B /* Info.plist */ = {isa = PBXFileReference; lastKnownFileType = text.plist.xml; path = Info.plist; sourceTree = "<group>"; };
		4DBD4F4E1F9994DE003A280B /* Lab2UITests.xctest */ = {isa = PBXFileReference; explicitFileType = wrapper.cfbundle; includeInIndex = 0; path = Lab2UITests.xctest; sourceTree = BUILT_PRODUCTS_DIR; };
		4DBD4F521F9994DE003A280B /* Lab2UITests.swift */ = {isa = PBXFileReference; lastKnownFileType = sourcecode.swift; path = Lab2UITests.swift; sourceTree = "<group>"; };
		4DBD4F541F9994DE003A280B /* Info.plist */ = {isa = PBXFileReference; lastKnownFileType = text.plist.xml; path = Info.plist; sourceTree = "<group>"; };
/* End PBXFileReference section */

/* Begin PBXFrameworksBuildPhase section */
		4DBD4F2C1F9994DE003A280B /* Frameworks */ = {
			isa = PBXFrameworksBuildPhase;
			buildActionMask = 2147483647;
			files = (
			);
			runOnlyForDeploymentPostprocessing = 0;
		};
		4DBD4F401F9994DE003A280B /* Frameworks */ = {
			isa = PBXFrameworksBuildPhase;
			buildActionMask = 2147483647;
			files = (
			);
			runOnlyForDeploymentPostprocessing = 0;
		};
		4DBD4F4B1F9994DE003A280B /* Frameworks */ = {
			isa = PBXFrameworksBuildPhase;
			buildActionMask = 2147483647;
			files = (
			);
			runOnlyForDeploymentPostprocessing = 0;
		};
/* End PBXFrameworksBuildPhase section */

/* Begin PBXGroup section */
		4DBD4F261F9994DE003A280B = {
			isa = PBXGroup;
			children = (
				4DBD4F311F9994DE003A280B /* Lab2 */,
				4DBD4F461F9994DE003A280B /* Lab2Tests */,
				4DBD4F511F9994DE003A280B /* Lab2UITests */,
				4DBD4F301F9994DE003A280B /* Products */,
			);
			sourceTree = "<group>";
		};
		4DBD4F301F9994DE003A280B /* Products */ = {
			isa = PBXGroup;
			children = (
				4DBD4F2F1F9994DE003A280B /* Lab2.app */,
				4DBD4F431F9994DE003A280B /* Lab2Tests.xctest */,
				4DBD4F4E1F9994DE003A280B /* Lab2UITests.xctest */,
			);
			name = Products;
			sourceTree = "<group>";
		};
		4DBD4F311F9994DE003A280B /* Lab2 */ = {
			isa = PBXGroup;
			children = (
				4DBD4F321F9994DE003A280B /* AppDelegate.swift */,
				4DBD4F341F9994DE003A280B /* ViewController.swift */,
				4DBD4F361F9994DE003A280B /* Main.storyboard */,
				4DBD4F391F9994DE003A280B /* Assets.xcassets */,
				4DBD4F3B1F9994DE003A280B /* LaunchScreen.storyboard */,
				4DBD4F3E1F9994DE003A280B /* Info.plist */,
			);
			path = Lab2;
			sourceTree = "<group>";
		};
		4DBD4F461F9994DE003A280B /* Lab2Tests */ = {
			isa = PBXGroup;
			children = (
				4DBD4F471F9994DE003A280B /* Lab2Tests.swift */,
				4DBD4F491F9994DE003A280B /* Info.plist */,
			);
			path = Lab2Tests;
			sourceTree = "<group>";
		};
		4DBD4F511F9994DE003A280B /* Lab2UITests */ = {
			isa = PBXGroup;
			children = (
				4DBD4F521F9994DE003A280B /* Lab2UITests.swift */,
				4DBD4F541F9994DE003A280B /* Info.plist */,
			);
			path = Lab2UITests;
			sourceTree = "<group>";
		};
/* End PBXGroup section */

/* Begin PBXNativeTarget section */
		4DBD4F2E1F9994DE003A280B /* Lab2 */ = {
			isa = PBXNativeTarget;
			buildConfigurationList = 4DBD4F571F9994DE003A280B /* Build configuration list for PBXNativeTarget "Lab2" */;
			buildPhases = (
				4DBD4F2B1F9994DE003A280B /* Sources */,
				4DBD4F2C1F9994DE003A280B /* Frameworks */,
				4DBD4F2D1F9994DE003A280B /* Resources */,
			);
			buildRules = (
			);
			dependencies = (
			);
			name = Lab2;
			productName = Lab2;
			productReference = 4DBD4F2F1F9994DE003A280B /* Lab2.app */;
			productType = "com.apple.product-type.application";
		};
		4DBD4F421F9994DE003A280B /* Lab2Tests */ = {
			isa = PBXNativeTarget;
			buildConfigurationList = 4DBD4F5A1F9994DE003A280B /* Build configuration list for PBXNativeTarget "Lab2Tests" */;
			buildPhases = (
				4DBD4F3F1F9994DE003A280B /* Sources */,
				4DBD4F401F9994DE003A280B /* Frameworks */,
				4DBD4F411F9994DE003A280B /* Resources */,
			);
			buildRules = (
			);
			dependencies = (
				4DBD4F451F9994DE003A280B /* PBXTargetDependency */,
			);
			name = Lab2Tests;
			productName = Lab2Tests;
			productReference = 4DBD4F431F9994DE003A280B /* Lab2Tests.xctest */;
			productType = "com.apple.product-type.bundle.unit-test";
		};
		4DBD4F4D1F9994DE003A280B /* Lab2UITests */ = {
			isa = PBXNativeTarget;
			buildConfigurationList = 4DBD4F5D1F9994DE003A280B /* Build configuration list for PBXNativeTarget "Lab2UITests" */;
			buildPhases = (
				4DBD4F4A1F9994DE003A280B /* Sources */,
				4DBD4F4B1F9994DE003A280B /* Frameworks */,
				4DBD4F4C1F9994DE003A280B /* Resources */,
			);
			buildRules = (
			);
			dependencies = (
				4DBD4F501F9994DE003A280B /* PBXTargetDependency */,
			);
			name = Lab2UITests;
			productName = Lab2UITests;
			productReference = 4DBD4F4E1F9994DE003A280B /* Lab2UITests.xctest */;
			productType = "com.apple.product-type.bundle.ui-testing";
		};
/* End PBXNativeTarget section */

/* Begin PBXProject section */
		4DBD4F271F9994DE003A280B /* Project object */ = {
			isa = PBXProject;
			attributes = {
				LastSwiftUpdateCheck = 0900;
				LastUpgradeCheck = 0900;
				ORGANIZATIONNAME = "Catherine Ma";
				TargetAttributes = {
					4DBD4F2E1F9994DE003A280B = {
						CreatedOnToolsVersion = 9.0.1;
						ProvisioningStyle = Automatic;
					};
					4DBD4F421F9994DE003A280B = {
						CreatedOnToolsVersion = 9.0.1;
						ProvisioningStyle = Automatic;
						TestTargetID = 4DBD4F2E1F9994DE003A280B;
					};
					4DBD4F4D1F9994DE003A280B = {
						CreatedOnToolsVersion = 9.0.1;
						ProvisioningStyle = Automatic;
						TestTargetID = 4DBD4F2E1F9994DE003A280B;
					};
				};
			};
			buildConfigurationList = 4DBD4F2A1F9994DE003A280B /* Build configuration list for PBXProject "Lab2" */;
			compatibilityVersion = "Xcode 8.0";
			developmentRegion = en;
			hasScannedForEncodings = 0;
			knownRegions = (
				en,
				Base,
			);
			mainGroup = 4DBD4F261F9994DE003A280B;
			productRefGroup = 4DBD4F301F9994DE003A280B /* Products */;
			projectDirPath = "";
			projectRoot = "";
			targets = (
				4DBD4F2E1F9994DE003A280B /* Lab2 */,
				4DBD4F421F9994DE003A280B /* Lab2Tests */,
				4DBD4F4D1F9994DE003A280B /* Lab2UITests */,
			);
		};
/* End PBXProject section */

/* Begin PBXResourcesBuildPhase section */
		4DBD4F2D1F9994DE003A280B /* Resources */ = {
			isa = PBXResourcesBuildPhase;
			buildActionMask = 2147483647;
			files = (
				4DBD4F3D1F9994DE003A280B /* LaunchScreen.storyboard in Resources */,
				4DBD4F3A1F9994DE003A280B /* Assets.xcassets in Resources */,
				4DBD4F381F9994DE003A280B /* Main.storyboard in Resources */,
			);
			runOnlyForDeploymentPostprocessing = 0;
		};
		4DBD4F411F9994DE003A280B /* Resources */ = {
			isa = PBXResourcesBuildPhase;
			buildActionMask = 2147483647;
			files = (
			);
			runOnlyForDeploymentPostprocessing = 0;
		};
		4DBD4F4C1F9994DE003A280B /* Resources */ = {
			isa = PBXResourcesBuildPhase;
			buildActionMask = 2147483647;
			files = (
			);
			runOnlyForDeploymentPostprocessing = 0;
		};
/* End PBXResourcesBuildPhase section */

/* Begin PBXSourcesBuildPhase section */
		4DBD4F2B1F9994DE003A280B /* Sources */ = {
			isa = PBXSourcesBuildPhase;
			buildActionMask = 2147483647;
			files = (
				4DBD4F351F9994DE003A280B /* ViewController.swift in Sources */,
				4DBD4F331F9994DE003A280B /* AppDelegate.swift in Sources */,
			);
			runOnlyForDeploymentPostprocessing = 0;
		};
		4DBD4F3F1F9994DE003A280B /* Sources */ = {
			isa = PBXSourcesBuildPhase;
			buildActionMask = 2147483647;
			files = (
				4DBD4F481F9994DE003A280B /* Lab2Tests.swift in Sources */,
			);
			runOnlyForDeploymentPostprocessing = 0;
		};
		4DBD4F4A1F9994DE003A280B /* Sources */ = {
			isa = PBXSourcesBuildPhase;
			buildActionMask = 2147483647;
			files = (
				4DBD4F531F9994DE003A280B /* Lab2UITests.swift in Sources */,
			);
			runOnlyForDeploymentPostprocessing = 0;
		};
/* End PBXSourcesBuildPhase section */

/* Begin PBXTargetDependency section */
		4DBD4F451F9994DE003A280B /* PBXTargetDependency */ = {
			isa = PBXTargetDependency;
			target = 4DBD4F2E1F9994DE003A280B /* Lab2 */;
			targetProxy = 4DBD4F441F9994DE003A280B /* PBXContainerItemProxy */;
		};
		4DBD4F501F9994DE003A280B /* PBXTargetDependency */ = {
			isa = PBXTargetDependency;
			target = 4DBD4F2E1F9994DE003A280B /* Lab2 */;
			targetProxy = 4DBD4F4F1F9994DE003A280B /* PBXContainerItemProxy */;
		};
/* End PBXTargetDependency section */

/* Begin PBXVariantGroup section */
		4DBD4F361F9994DE003A280B /* Main.storyboard */ = {
			isa = PBXVariantGroup;
			children = (
				4DBD4F371F9994DE003A280B /* Base */,
			);
			name = Main.storyboard;
			sourceTree = "<group>";
		};
		4DBD4F3B1F9994DE003A280B /* LaunchScreen.storyboard */ = {
			isa = PBXVariantGroup;
			children = (
				4DBD4F3C1F9994DE003A280B /* Base */,
			);
			name = LaunchScreen.storyboard;
			sourceTree = "<group>";
		};
/* End PBXVariantGroup section */

/* Begin XCBuildConfiguration section */
		4DBD4F551F9994DE003A280B /* Debug */ = {
			isa = XCBuildConfiguration;
			buildSettings = {
				ALWAYS_SEARCH_USER_PATHS = NO;
				CLANG_ANALYZER_NONNULL = YES;
				CLANG_ANALYZER_NUMBER_OBJECT_CONVERSION = YES_AGGRESSIVE;
				CLANG_CXX_LANGUAGE_STANDARD = "gnu++14";
				CLANG_CXX_LIBRARY = "libc++";
				CLANG_ENABLE_MODULES = YES;
				CLANG_ENABLE_OBJC_ARC = YES;
				CLANG_WARN_BLOCK_CAPTURE_AUTORELEASING = YES;
				CLANG_WARN_BOOL_CONVERSION = YES;
				CLANG_WARN_COMMA = YES;
				CLANG_WARN_CONSTANT_CONVERSION = YES;
				CLANG_WARN_DIRECT_OBJC_ISA_USAGE = YES_ERROR;
				CLANG_WARN_DOCUMENTATION_COMMENTS = YES;
				CLANG_WARN_EMPTY_BODY = YES;
				CLANG_WARN_ENUM_CONVERSION = YES;
				CLANG_WARN_INFINITE_RECURSION = YES;
				CLANG_WARN_INT_CONVERSION = YES;
				CLANG_WARN_NON_LITERAL_NULL_CONVERSION = YES;
				CLANG_WARN_OBJC_LITERAL_CONVERSION = YES;
				CLANG_WARN_OBJC_ROOT_CLASS = YES_ERROR;
				CLANG_WARN_RANGE_LOOP_ANALYSIS = YES;
				CLANG_WARN_STRICT_PROTOTYPES = YES;
				CLANG_WARN_SUSPICIOUS_MOVE = YES;
				CLANG_WARN_UNGUARDED_AVAILABILITY = YES_AGGRESSIVE;
				CLANG_WARN_UNREACHABLE_CODE = YES;
				CLANG_WARN__DUPLICATE_METHOD_MATCH = YES;
				CODE_SIGN_IDENTITY = "iPhone Developer";
				COPY_PHASE_STRIP = NO;
				DEBUG_INFORMATION_FORMAT = dwarf;
				ENABLE_STRICT_OBJC_MSGSEND = YES;
				ENABLE_TESTABILITY = YES;
				GCC_C_LANGUAGE_STANDARD = gnu11;
				GCC_DYNAMIC_NO_PIC = NO;
				GCC_NO_COMMON_BLOCKS = YES;
				GCC_OPTIMIZATION_LEVEL = 0;
				GCC_PREPROCESSOR_DEFINITIONS = (
					"DEBUG=1",
					"$(inherited)",
				);
				GCC_WARN_64_TO_32_BIT_CONVERSION = YES;
				GCC_WARN_ABOUT_RETURN_TYPE = YES_ERROR;
				GCC_WARN_UNDECLARED_SELECTOR = YES;
				GCC_WARN_UNINITIALIZED_AUTOS = YES_AGGRESSIVE;
				GCC_WARN_UNUSED_FUNCTION = YES;
				GCC_WARN_UNUSED_VARIABLE = YES;
				IPHONEOS_DEPLOYMENT_TARGET = 11.0;
				MTL_ENABLE_DEBUG_INFO = YES;
				ONLY_ACTIVE_ARCH = YES;
				SDKROOT = iphoneos;
				SWIFT_ACTIVE_COMPILATION_CONDITIONS = DEBUG;
				SWIFT_OPTIMIZATION_LEVEL = "-Onone";
			};
			name = Debug;
		};
		4DBD4F561F9994DE003A280B /* Release */ = {
			isa = XCBuildConfiguration;
			buildSettings = {
				ALWAYS_SEARCH_USER_PATHS = NO;
				CLANG_ANALYZER_NONNULL = YES;
				CLANG_ANALYZER_NUMBER_OBJECT_CONVERSION = YES_AGGRESSIVE;
				CLANG_CXX_LANGUAGE_STANDARD = "gnu++14";
				CLANG_CXX_LIBRARY = "libc++";
				CLANG_ENABLE_MODULES = YES;
				CLANG_ENABLE_OBJC_ARC = YES;
				CLANG_WARN_BLOCK_CAPTURE_AUTORELEASING = YES;
				CLANG_WARN_BOOL_CONVERSION = YES;
				CLANG_WARN_COMMA = YES;
				CLANG_WARN_CONSTANT_CONVERSION = YES;
				CLANG_WARN_DIRECT_OBJC_ISA_USAGE = YES_ERROR;
				CLANG_WARN_DOCUMENTATION_COMMENTS = YES;
				CLANG_WARN_EMPTY_BODY = YES;
				CLANG_WARN_ENUM_CONVERSION = YES;
				CLANG_WARN_INFINITE_RECURSION = YES;
				CLANG_WARN_INT_CONVERSION = YES;
				CLANG_WARN_NON_LITERAL_NULL_CONVERSION = YES;
				CLANG_WARN_OBJC_LITERAL_CONVERSION = YES;
				CLANG_WARN_OBJC_ROOT_CLASS = YES_ERROR;
				CLANG_WARN_RANGE_LOOP_ANALYSIS = YES;
				CLANG_WARN_STRICT_PROTOTYPES = YES;
				CLANG_WARN_SUSPICIOUS_MOVE = YES;
				CLANG_WARN_UNGUARDED_AVAILABILITY = YES_AGGRESSIVE;
				CLANG_WARN_UNREACHABLE_CODE = YES;
				CLANG_WARN__DUPLICATE_METHOD_MATCH = YES;
				CODE_SIGN_IDENTITY = "iPhone Developer";
				COPY_PHASE_STRIP = NO;
				DEBUG_INFORMATION_FORMAT = "dwarf-with-dsym";
				ENABLE_NS_ASSERTIONS = NO;
				ENABLE_STRICT_OBJC_MSGSEND = YES;
				GCC_C_LANGUAGE_STANDARD = gnu11;
				GCC_NO_COMMON_BLOCKS = YES;
				GCC_WARN_64_TO_32_BIT_CONVERSION = YES;
				GCC_WARN_ABOUT_RETURN_TYPE = YES_ERROR;
				GCC_WARN_UNDECLARED_SELECTOR = YES;
				GCC_WARN_UNINITIALIZED_AUTOS = YES_AGGRESSIVE;
				GCC_WARN_UNUSED_FUNCTION = YES;
				GCC_WARN_UNUSED_VARIABLE = YES;
				IPHONEOS_DEPLOYMENT_TARGET = 11.0;
				MTL_ENABLE_DEBUG_INFO = NO;
				SDKROOT = iphoneos;
				SWIFT_OPTIMIZATION_LEVEL = "-Owholemodule";
				VALIDATE_PRODUCT = YES;
			};
			name = Release;
		};
		4DBD4F581F9994DE003A280B /* Debug */ = {
			isa = XCBuildConfiguration;
			buildSettings = {
				ASSETCATALOG_COMPILER_APPICON_NAME = AppIcon;
				CODE_SIGN_STYLE = Automatic;
				INFOPLIST_FILE = Lab2/Info.plist;
				LD_RUNPATH_SEARCH_PATHS = "$(inherited) @executable_path/Frameworks";
				PRODUCT_BUNDLE_IDENTIFIER = com.cmma.Lab2;
				PRODUCT_NAME = "$(TARGET_NAME)";
				SWIFT_VERSION = 4.0;
				TARGETED_DEVICE_FAMILY = "1,2";
			};
			name = Debug;
		};
		4DBD4F591F9994DE003A280B /* Release */ = {
			isa = XCBuildConfiguration;
			buildSettings = {
				ASSETCATALOG_COMPILER_APPICON_NAME = AppIcon;
				CODE_SIGN_STYLE = Automatic;
				INFOPLIST_FILE = Lab2/Info.plist;
				LD_RUNPATH_SEARCH_PATHS = "$(inherited) @executable_path/Frameworks";
				PRODUCT_BUNDLE_IDENTIFIER = com.cmma.Lab2;
				PRODUCT_NAME = "$(TARGET_NAME)";
				SWIFT_VERSION = 4.0;
				TARGETED_DEVICE_FAMILY = "1,2";
			};
			name = Release;
		};
		4DBD4F5B1F9994DE003A280B /* Debug */ = {
			isa = XCBuildConfiguration;
			buildSettings = {
				ALWAYS_EMBED_SWIFT_STANDARD_LIBRARIES = YES;
				BUNDLE_LOADER = "$(TEST_HOST)";
				CODE_SIGN_STYLE = Automatic;
				INFOPLIST_FILE = Lab2Tests/Info.plist;
				LD_RUNPATH_SEARCH_PATHS = "$(inherited) @executable_path/Frameworks @loader_path/Frameworks";
				PRODUCT_BUNDLE_IDENTIFIER = com.cmma.Lab2Tests;
				PRODUCT_NAME = "$(TARGET_NAME)";
				SWIFT_VERSION = 4.0;
				TARGETED_DEVICE_FAMILY = "1,2";
				TEST_HOST = "$(BUILT_PRODUCTS_DIR)/Lab2.app/Lab2";
			};
			name = Debug;
		};
		4DBD4F5C1F9994DE003A280B /* Release */ = {
			isa = XCBuildConfiguration;
			buildSettings = {
				ALWAYS_EMBED_SWIFT_STANDARD_LIBRARIES = YES;
				BUNDLE_LOADER = "$(TEST_HOST)";
				CODE_SIGN_STYLE = Automatic;
				INFOPLIST_FILE = Lab2Tests/Info.plist;
				LD_RUNPATH_SEARCH_PATHS = "$(inherited) @executable_path/Frameworks @loader_path/Frameworks";
				PRODUCT_BUNDLE_IDENTIFIER = com.cmma.Lab2Tests;
				PRODUCT_NAME = "$(TARGET_NAME)";
				SWIFT_VERSION = 4.0;
				TARGETED_DEVICE_FAMILY = "1,2";
				TEST_HOST = "$(BUILT_PRODUCTS_DIR)/Lab2.app/Lab2";
			};
			name = Release;
		};
		4DBD4F5E1F9994DE003A280B /* Debug */ = {
			isa = XCBuildConfiguration;
			buildSettings = {
				ALWAYS_EMBED_SWIFT_STANDARD_LIBRARIES = YES;
				CODE_SIGN_STYLE = Automatic;
				INFOPLIST_FILE = Lab2UITests/Info.plist;
				LD_RUNPATH_SEARCH_PATHS = "$(inherited) @executable_path/Frameworks @loader_path/Frameworks";
				PRODUCT_BUNDLE_IDENTIFIER = com.cmma.Lab2UITests;
				PRODUCT_NAME = "$(TARGET_NAME)";
				SWIFT_VERSION = 4.0;
				TARGETED_DEVICE_FAMILY = "1,2";
				TEST_TARGET_NAME = Lab2;
			};
			name = Debug;
		};
		4DBD4F5F1F9994DE003A280B /* Release */ = {
			isa = XCBuildConfiguration;
			buildSettings = {
				ALWAYS_EMBED_SWIFT_STANDARD_LIBRARIES = YES;
				CODE_SIGN_STYLE = Automatic;
				INFOPLIST_FILE = Lab2UITests/Info.plist;
				LD_RUNPATH_SEARCH_PATHS = "$(inherited) @executable_path/Frameworks @loader_path/Frameworks";
				PRODUCT_BUNDLE_IDENTIFIER = com.cmma.Lab2UITests;
				PRODUCT_NAME = "$(TARGET_NAME)";
				SWIFT_VERSION = 4.0;
				TARGETED_DEVICE_FAMILY = "1,2";
				TEST_TARGET_NAME = Lab2;
			};
			name = Release;
		};
/* End XCBuildConfiguration section */

/* Begin XCConfigurationList section */
		4DBD4F2A1F9994DE003A280B /* Build configuration list for PBXProject "Lab2" */ = {
			isa = XCConfigurationList;
			buildConfigurations = (
				4DBD4F551F9994DE003A280B /* Debug */,
				4DBD4F561F9994DE003A280B /* Release */,
			);
			defaultConfigurationIsVisible = 0;
			defaultConfigurationName = Release;
		};
		4DBD4F571F9994DE003A280B /* Build configuration list for PBXNativeTarget "Lab2" */ = {
			isa = XCConfigurationList;
			buildConfigurations = (
				4DBD4F581F9994DE003A280B /* Debug */,
				4DBD4F591F9994DE003A280B /* Release */,
			);
			defaultConfigurationIsVisible = 0;
			defaultConfigurationName = Release;
		};
		4DBD4F5A1F9994DE003A280B /* Build configuration list for PBXNativeTarget "Lab2Tests" */ = {
			isa = XCConfigurationList;
			buildConfigurations = (
				4DBD4F5B1F9994DE003A280B /* Debug */,
				4DBD4F5C1F9994DE003A280B /* Release */,
			);
			defaultConfigurationIsVisible = 0;
			defaultConfigurationName = Release;
		};
		4DBD4F5D1F9994DE003A280B /* Build configuration list for PBXNativeTarget "Lab2UITests" */ = {
			isa = XCConfigurationList;
			buildConfigurations = (
				4DBD4F5E1F9994DE003A280B /* Debug */,
				4DBD4F5F1F9994DE003A280B /* Release */,
			);
			defaultConfigurationIsVisible = 0;
			defaultConfigurationName = Release;
		};
/* End XCConfigurationList section */
	};
	rootObject = 4DBD4F271F9994DE003A280B /* Project object */;
}
